<?xml version="1.0" encoding="utf-8"?>
<Project ToolsVersion="4.0" xmlns="http://schemas.microsoft.com/developer/msbuild/2003">
  <ItemGroup>
    <Filter Include="Source Files">
      <UniqueIdentifier>{192202e2-5664-45ac-8da4-dd320437715a}</UniqueIdentifier>
      <Extensions>cpp;c;cxx;def;odl;idl;hpj;bat;asm</Extensions>
    </Filter>
    <Filter Include="Header Files">
      <UniqueIdentifier>{94e3a79b-5de9-4879-a146-aa8ebf8d9cf2}</UniqueIdentifier>
      <Extensions>h;hpp;hxx;hm;inl;inc</Extensions>
    </Filter>
    <Filter Include="Resource Files">
      <UniqueIdentifier>{f75d117f-28cc-403b-b238-8b83b3d7afa6}</UniqueIdentifier>
      <Extensions>rc;ico;cur;bmp;dlg;rc2;rct;bin;rgs;gif;jpg;jpeg;jpe</Extensions>
    </Filter>
  </ItemGroup>
  <ItemGroup>
    <None Include="ReadMe.txt" />
  </ItemGroup>
  <ItemGroup>
    <ClCompile Include="source\comgPerif.cpp">
      <Filter>Source Files</Filter>
    </ClCompile>
    <ClCompile Include="source\commap.cpp">
      <Filter>Source Files</Filter>
    </ClCompile>
    <ClCompile Include="source\commidt.cpp">
      <Filter>Source Files</Filter>
    </ClCompile>
    <ClCompile Include="source\commwn.cpp">
      <Filter>Source Files</Filter>
    </ClCompile>
    <ClCompile Include="source\gestComm.cpp">
      <Filter>Source Files</Filter>
    </ClCompile>
    <ClCompile Include="source\gPerifWn.cpp">
      <Filter>Source Files</Filter>
    </ClCompile>
    <ClCompile Include="source\manageSetupPrph.cpp">
      <Filter>Source Files</Filter>
    </ClCompile>
    <ClCompile Include="source\prfData.cpp">
      <Filter>Source Files</Filter>
    </ClCompile>
  </ItemGroup>
</Project>