<?xml version="1.0" encoding="utf-8"?>
<Project ToolsVersion="4.0" xmlns="http://schemas.microsoft.com/developer/msbuild/2003">
  <ItemGroup>
    <Filter Include="Source Files">
      <UniqueIdentifier>{651f37c5-5b81-444d-b78f-c2c72c82f40f}</UniqueIdentifier>
      <Extensions>cpp;c;cxx;def;odl;idl;hpj;bat;asm</Extensions>
    </Filter>
    <Filter Include="Header Files">
      <UniqueIdentifier>{b4f3dcf3-af15-4dc8-ab49-05da0d812a3d}</UniqueIdentifier>
      <Extensions>h;hpp;hxx;hm;inl;inc</Extensions>
    </Filter>
    <Filter Include="Resource Files">
      <UniqueIdentifier>{0a01447e-2359-448d-8d95-cabeffbddb77}</UniqueIdentifier>
      <Extensions>rc;ico;cur;bmp;dlg;rc2;rct;bin;rgs;gif;jpg;jpeg;jpe</Extensions>
    </Filter>
  </ItemGroup>
  <ItemGroup>
    <ClCompile Include="source\clipboard_control.cpp">
      <Filter>Source Files</Filter>
    </ClCompile>
    <ClCompile Include="source\pAppl.cpp">
      <Filter>Source Files</Filter>
    </ClCompile>
    <ClCompile Include="source\pAviCap.cpp">
      <Filter>Source Files</Filter>
    </ClCompile>
    <ClCompile Include="source\pBitmap.cpp">
      <Filter>Source Files</Filter>
    </ClCompile>
    <ClCompile Include="source\pCom.cpp">
      <Filter>Source Files</Filter>
    </ClCompile>
    <ClCompile Include="source\pCommonFilter.cpp">
      <Filter>Source Files</Filter>
    </ClCompile>
    <ClCompile Include="source\pControl.cpp">
      <Filter>Source Files</Filter>
    </ClCompile>
    <ClCompile Include="source\PCustomListView.cpp">
      <Filter>Source Files</Filter>
    </ClCompile>
    <ClCompile Include="source\PCustomListViewFullEdit.cpp">
      <Filter>Source Files</Filter>
    </ClCompile>
    <ClCompile Include="source\pDialog.cpp">
      <Filter>Source Files</Filter>
    </ClCompile>
    <ClCompile Include="source\pEdit.cpp">
      <Filter>Source Files</Filter>
    </ClCompile>
    <ClCompile Include="source\pGraph.cpp">
      <Filter>Source Files</Filter>
    </ClCompile>
    <ClCompile Include="source\pGraphBmp.cpp">
      <Filter>Source Files</Filter>
    </ClCompile>
    <ClCompile Include="source\pListbox.cpp">
      <Filter>Source Files</Filter>
    </ClCompile>
    <ClCompile Include="source\pmanageBtnSwitch.cpp">
      <Filter>Source Files</Filter>
    </ClCompile>
    <ClCompile Include="source\pminiat.cpp">
      <Filter>Source Files</Filter>
    </ClCompile>
    <ClCompile Include="source\pModDialog.cpp">
      <Filter>Source Files</Filter>
    </ClCompile>
    <ClCompile Include="source\pOpenedcom.cpp">
      <Filter>Source Files</Filter>
    </ClCompile>
    <ClCompile Include="source\pOpensave.cpp">
      <Filter>Source Files</Filter>
    </ClCompile>
    <ClCompile Include="source\pOwnBtn.cpp">
      <Filter>Source Files</Filter>
    </ClCompile>
    <ClCompile Include="source\pOwnBtnImage.cpp">
      <Filter>Source Files</Filter>
    </ClCompile>
    <ClCompile Include="source\pOwnBtnImageStd.cpp">
      <Filter>Source Files</Filter>
    </ClCompile>
    <ClCompile Include="source\pOwnBtnSelect.cpp">
      <Filter>Source Files</Filter>
    </ClCompile>
    <ClCompile Include="source\pOwnBtnSwitch.cpp">
      <Filter>Source Files</Filter>
    </ClCompile>
    <ClCompile Include="source\pOwnWin.cpp">
      <Filter>Source Files</Filter>
    </ClCompile>
    <ClCompile Include="source\pPanel.cpp">
      <Filter>Source Files</Filter>
    </ClCompile>
    <ClCompile Include="source\pPrinter.cpp">
      <Filter>Source Files</Filter>
    </ClCompile>
    <ClCompile Include="source\pPrintPage.cpp">
      <Filter>Source Files</Filter>
    </ClCompile>
    <ClCompile Include="source\PRegistry.cpp">
      <Filter>Source Files</Filter>
    </ClCompile>
    <ClCompile Include="source\pRollTraspBitmap.cpp">
      <Filter>Source Files</Filter>
    </ClCompile>
    <ClCompile Include="source\pScrollContainer.cpp">
      <Filter>Source Files</Filter>
    </ClCompile>
    <ClCompile Include="source\pSeqTraspBitmap.cpp">
      <Filter>Source Files</Filter>
    </ClCompile>
    <ClCompile Include="source\PSplitter.cpp">
      <Filter>Source Files</Filter>
    </ClCompile>
    <ClCompile Include="source\PSplitWin.cpp">
      <Filter>Source Files</Filter>
    </ClCompile>
    <ClCompile Include="source\pTextPanel.cpp">
      <Filter>Source Files</Filter>
    </ClCompile>
    <ClCompile Include="source\PTextPanelStatic.cpp">
      <Filter>Source Files</Filter>
    </ClCompile>
    <ClCompile Include="source\pToolBar.cpp">
      <Filter>Source Files</Filter>
    </ClCompile>
    <ClCompile Include="source\pTraspBitmap.cpp">
      <Filter>Source Files</Filter>
    </ClCompile>
    <ClCompile Include="source\pVisualTextEdit.cpp">
      <Filter>Source Files</Filter>
    </ClCompile>
    <ClCompile Include="source\pWin.cpp">
      <Filter>Source Files</Filter>
    </ClCompile>
    <ClCompile Include="source\pWinTool.cpp">
      <Filter>Source Files</Filter>
    </ClCompile>
    <ClCompile Include="source\pWinToolBase.cpp">
      <Filter>Source Files</Filter>
    </ClCompile>
    <ClCompile Include="source\winList.cpp">
      <Filter>Source Files</Filter>
    </ClCompile>
    <ClCompile Include="source\pListbox_sort.cpp">
      <Filter>Source Files</Filter>
    </ClCompile>
    <ClCompile Include="source\pMDC_custom.cpp">
      <Filter>Source Files</Filter>
    </ClCompile>
    <ClCompile Include="source\pOwnBtnStdSwitch.cpp">
      <Filter>Source Files</Filter>
    </ClCompile>
  </ItemGroup>
  <ItemGroup>
    <ClInclude Include="include\headerMsg.h">
      <Filter>Header Files</Filter>
    </ClInclude>
    <ClInclude Include="include\macro_utils.h">
      <Filter>Header Files</Filter>
    </ClInclude>
    <ClInclude Include="include\pAppl.h">
      <Filter>Header Files</Filter>
    </ClInclude>
    <ClInclude Include="include\paramcom.h">
      <Filter>Header Files</Filter>
    </ClInclude>
    <ClInclude Include="include\pAviCap.h">
      <Filter>Header Files</Filter>
    </ClInclude>
    <ClInclude Include="include\pBitmap.h">
      <Filter>Header Files</Filter>
    </ClInclude>
    <ClInclude Include="include\pButton.h">
      <Filter>Header Files</Filter>
    </ClInclude>
    <ClInclude Include="include\pCheckBox.h">
      <Filter>Header Files</Filter>
    </ClInclude>
    <ClInclude Include="include\pCom.h">
      <Filter>Header Files</Filter>
    </ClInclude>
    <ClInclude Include="include\pCom_bs.h">
      <Filter>Header Files</Filter>
    </ClInclude>
    <ClInclude Include="include\pCombobox.h">
      <Filter>Header Files</Filter>
    </ClInclude>
    <ClInclude Include="include\pCommonFilter.h">
      <Filter>Header Files</Filter>
    </ClInclude>
    <ClInclude Include="include\pControl.h">
      <Filter>Header Files</Filter>
    </ClInclude>
    <ClInclude Include="include\pDef.h">
      <Filter>Header Files</Filter>
    </ClInclude>
    <ClInclude Include="include\pDialog.h">
      <Filter>Header Files</Filter>
    </ClInclude>
    <ClInclude Include="include\pEdit.h">
      <Filter>Header Files</Filter>
    </ClInclude>
    <ClInclude Include="include\pGraph.h">
      <Filter>Header Files</Filter>
    </ClInclude>
    <ClInclude Include="include\pListbox.h">
      <Filter>Header Files</Filter>
    </ClInclude>
    <ClInclude Include="include\pMemo.h">
      <Filter>Header Files</Filter>
    </ClInclude>
    <ClInclude Include="include\pminiat.h">
      <Filter>Header Files</Filter>
    </ClInclude>
    <ClInclude Include="include\pModDialog.h">
      <Filter>Header Files</Filter>
    </ClInclude>
    <ClInclude Include="include\pOpenedCom.h">
      <Filter>Header Files</Filter>
    </ClInclude>
    <ClInclude Include="include\pOpensave.h">
      <Filter>Header Files</Filter>
    </ClInclude>
    <ClInclude Include="include\pOwnBtn.h">
      <Filter>Header Files</Filter>
    </ClInclude>
    <ClInclude Include="include\pOwnBtnImage.h">
      <Filter>Header Files</Filter>
    </ClInclude>
    <ClInclude Include="include\pOwnBtnSelect.h">
      <Filter>Header Files</Filter>
    </ClInclude>
    <ClInclude Include="include\pOwnBtnSwitch.h">
      <Filter>Header Files</Filter>
    </ClInclude>
    <ClInclude Include="include\pOwnWin.h">
      <Filter>Header Files</Filter>
    </ClInclude>
    <ClInclude Include="include\pPanel.h">
      <Filter>Header Files</Filter>
    </ClInclude>
    <ClInclude Include="include\pPrinter.h">
      <Filter>Header Files</Filter>
    </ClInclude>
    <ClInclude Include="include\pPrintPage.h">
      <Filter>Header Files</Filter>
    </ClInclude>
    <ClInclude Include="include\pProgress.h">
      <Filter>Header Files</Filter>
    </ClInclude>
    <ClInclude Include="include\pRadioBtn.h">
      <Filter>Header Files</Filter>
    </ClInclude>
    <ClInclude Include="include\precHeader.h">
      <Filter>Header Files</Filter>
    </ClInclude>
    <ClInclude Include="include\pRect.h">
      <Filter>Header Files</Filter>
    </ClInclude>
    <ClInclude Include="include\pRectCtrl.h">
      <Filter>Header Files</Filter>
    </ClInclude>
    <ClInclude Include="include\PRegistry.h">
      <Filter>Header Files</Filter>
    </ClInclude>
    <ClInclude Include="include\pRollTraspBitmap.h">
      <Filter>Header Files</Filter>
    </ClInclude>
    <ClInclude Include="include\pScrollContainer.h">
      <Filter>Header Files</Filter>
    </ClInclude>
    <ClInclude Include="include\pSeqTraspBitmap.h">
      <Filter>Header Files</Filter>
    </ClInclude>
    <ClInclude Include="include\pStatic.h">
      <Filter>Header Files</Filter>
    </ClInclude>
    <ClInclude Include="include\pTextPanel.h">
      <Filter>Header Files</Filter>
    </ClInclude>
    <ClInclude Include="include\pToolBar.h">
      <Filter>Header Files</Filter>
    </ClInclude>
    <ClInclude Include="include\pTraspBitmap.h">
      <Filter>Header Files</Filter>
    </ClInclude>
    <ClInclude Include="include\PTreeView.h">
      <Filter>Header Files</Filter>
    </ClInclude>
    <ClInclude Include="include\pWin.h">
      <Filter>Header Files</Filter>
    </ClInclude>
    <ClInclude Include="include\pWinTool.h">
      <Filter>Header Files</Filter>
    </ClInclude>
    <ClInclude Include="..\resource\resource.h">
      <Filter>Header Files</Filter>
    </ClInclude>
  </ItemGroup>
  <ItemGroup>
    <None Include="ReadMe.txt" />
  </ItemGroup>
</Project>