<?xml version="1.0" encoding="utf-8"?>
<Project ToolsVersion="4.0" xmlns="http://schemas.microsoft.com/developer/msbuild/2003">
  <ItemGroup>
    <Filter Include="Source Files">
      <UniqueIdentifier>{178a2226-472d-4b6a-812f-c374748ca4fa}</UniqueIdentifier>
      <Extensions>cpp;c;cxx;def;odl;idl;hpj;bat;asm</Extensions>
    </Filter>
    <Filter Include="Header Files">
      <UniqueIdentifier>{d86e215f-0a90-464c-aded-bda8398bd78a}</UniqueIdentifier>
      <Extensions>h;hpp;hxx;hm;inl;inc</Extensions>
    </Filter>
    <Filter Include="Resource Files">
      <UniqueIdentifier>{c6aab9d5-43cd-4117-8ce7-cecb9f4ba9de}</UniqueIdentifier>
      <Extensions>rc;ico;cur;bmp;dlg;rc2;rct;bin;rgs;gif;jpg;jpeg;jpe</Extensions>
    </Filter>
  </ItemGroup>
  <ItemGroup>
    <ClCompile Include="commonInfo.cpp">
      <Filter>Source Files</Filter>
    </ClCompile>
    <ClCompile Include="D_Info.cpp">
      <Filter>Source Files</Filter>
    </ClCompile>
    <ClCompile Include="D_InfoOper.cpp">
      <Filter>Source Files</Filter>
    </ClCompile>
    <ClCompile Include="D_InfoStop.cpp">
      <Filter>Source Files</Filter>
    </ClCompile>
    <ClCompile Include="infoTree.cpp">
      <Filter>Source Files</Filter>
    </ClCompile>
    <ClCompile Include="manage.cpp">
      <Filter>Source Files</Filter>
    </ClCompile>
    <ClCompile Include="printInfo.cpp">
      <Filter>Source Files</Filter>
    </ClCompile>
    <ClCompile Include="TD_Choose_FilterTree.cpp">
      <Filter>Source Files</Filter>
    </ClCompile>
    <ClCompile Include="TD_Choose_PrintTree.cpp">
      <Filter>Source Files</Filter>
    </ClCompile>
  </ItemGroup>
  <ItemGroup>
    <None Include="ReadMe.txt" />
  </ItemGroup>
</Project>