<?xml version="1.0" encoding="utf-8"?>
<Project ToolsVersion="4.0" xmlns="http://schemas.microsoft.com/developer/msbuild/2003">
  <ItemGroup>
    <Filter Include="Source Files">
      <UniqueIdentifier>{e8dc21ab-2919-491e-af76-9fd7070b35ac}</UniqueIdentifier>
      <Extensions>cpp;c;cxx;def;odl;idl;hpj;bat;asm</Extensions>
    </Filter>
    <Filter Include="Header Files">
      <UniqueIdentifier>{b5d996c0-5196-4fa7-879c-2b2bb5acf8a4}</UniqueIdentifier>
      <Extensions>h;hpp;hxx;hm;inl;inc</Extensions>
    </Filter>
    <Filter Include="Resource Files">
      <UniqueIdentifier>{b2c67bea-a021-478a-93ac-9d7d2044184d}</UniqueIdentifier>
      <Extensions>rc;ico;cur;bmp;dlg;rc2;rct;bin;rgs;gif;jpg;jpeg;jpe</Extensions>
    </Filter>
  </ItemGroup>
  <ItemGroup>
    <ClCompile Include="source\currAlrm.cpp">
      <Filter>Source Files</Filter>
    </ClCompile>
    <ClCompile Include="source\D_Alarm.cpp">
      <Filter>Source Files</Filter>
    </ClCompile>
    <ClCompile Include="source\D_EMPTY.cpp">
      <Filter>Source Files</Filter>
    </ClCompile>
    <ClCompile Include="source\D_Psw.cpp">
      <Filter>Source Files</Filter>
    </ClCompile>
    <ClCompile Include="source\d_svdFl.cpp">
      <Filter>Source Files</Filter>
    </ClCompile>
    <ClCompile Include="source\D_Wait.cpp">
      <Filter>Source Files</Filter>
    </ClCompile>
    <ClCompile Include="source\DChooseResolution.cpp">
      <Filter>Source Files</Filter>
    </ClCompile>
    <ClCompile Include="source\DChoosNm.cpp">
      <Filter>Source Files</Filter>
    </ClCompile>
    <ClCompile Include="source\def_dir.cpp">
      <Filter>Source Files</Filter>
    </ClCompile>
    <ClCompile Include="source\DInputDt.cpp">
      <Filter>Source Files</Filter>
    </ClCompile>
    <ClCompile Include="source\DSerchFl.cpp">
      <Filter>Source Files</Filter>
    </ClCompile>
    <ClCompile Include="source\DSetTime.cpp">
      <Filter>Source Files</Filter>
    </ClCompile>
    <ClCompile Include="source\DSimpleEditor.cpp">
      <Filter>Source Files</Filter>
    </ClCompile>
    <ClCompile Include="source\DTurnOvr.cpp">
      <Filter>Source Files</Filter>
    </ClCompile>
    <ClCompile Include="source\Footer.cpp">
      <Filter>Source Files</Filter>
    </ClCompile>
    <ClCompile Include="source\gen_lnk_body.cpp">
      <Filter>Source Files</Filter>
    </ClCompile>
    <ClCompile Include="source\gestPrf.cpp">
      <Filter>Source Files</Filter>
    </ClCompile>
    <ClCompile Include="source\Header.cpp">
      <Filter>Source Files</Filter>
    </ClCompile>
    <ClCompile Include="source\language.cpp">
      <Filter>Source Files</Filter>
    </ClCompile>
    <ClCompile Include="source\loadPage.cpp">
      <Filter>Source Files</Filter>
    </ClCompile>
    <ClCompile Include="source\log_alrm.cpp">
      <Filter>Source Files</Filter>
    </ClCompile>
    <ClCompile Include="source\log_stat.cpp">
      <Filter>Source Files</Filter>
    </ClCompile>
    <ClCompile Include="source\mainClient.cpp">
      <Filter>Source Files</Filter>
    </ClCompile>
    <ClCompile Include="source\manageSplashScreen.cpp">
      <Filter>Source Files</Filter>
    </ClCompile>
    <ClCompile Include="source\newNormal.cpp">
      <Filter>Source Files</Filter>
    </ClCompile>
    <ClCompile Include="source\p_base.cpp">
      <Filter>Source Files</Filter>
    </ClCompile>
    <ClCompile Include="source\P_BaseBody.cpp">
      <Filter>Source Files</Filter>
    </ClCompile>
    <ClCompile Include="source\P_BaseObj.cpp">
      <Filter>Source Files</Filter>
    </ClCompile>
    <ClCompile Include="source\P_Body.cpp">
      <Filter>Source Files</Filter>
    </ClCompile>
    <ClCompile Include="source\P_DefBody.cpp">
      <Filter>Source Files</Filter>
    </ClCompile>
    <ClCompile Include="source\p_ManDynaBody.cpp">
      <Filter>Source Files</Filter>
    </ClCompile>
    <ClCompile Include="source\P_ModalBody.cpp">
      <Filter>Source Files</Filter>
    </ClCompile>
    <ClCompile Include="source\p_name.cpp">
      <Filter>Source Files</Filter>
    </ClCompile>
    <ClCompile Include="source\P_Param.cpp">
      <Filter>Source Files</Filter>
    </ClCompile>
    <ClCompile Include="source\password.cpp">
      <Filter>Source Files</Filter>
    </ClCompile>
    <ClCompile Include="source\pBaseListAlarm.cpp">
      <Filter>Source Files</Filter>
    </ClCompile>
    <ClCompile Include="source\pFullView.cpp">
      <Filter>Source Files</Filter>
    </ClCompile>
    <ClCompile Include="source\pInfoMoveObj.cpp">
      <Filter>Source Files</Filter>
    </ClCompile>
    <ClCompile Include="source\prfData.cpp">
      <Filter>Source Files</Filter>
    </ClCompile>
    <ClCompile Include="source\printGeneric.cpp">
      <Filter>Source Files</Filter>
    </ClCompile>
    <ClCompile Include="source\PShowValueWin.cpp">
      <Filter>Source Files</Filter>
    </ClCompile>
    <ClCompile Include="source\pSimpleBmp.cpp">
      <Filter>Source Files</Filter>
    </ClCompile>
    <ClCompile Include="source\pSimplePanel.cpp">
      <Filter>Source Files</Filter>
    </ClCompile>
    <ClCompile Include="source\pSimpleText.cpp">
      <Filter>Source Files</Filter>
    </ClCompile>
    <ClCompile Include="source\PSliderWin.cpp">
      <Filter>Source Files</Filter>
    </ClCompile>
    <ClCompile Include="source\pTouchKeyb.cpp">
      <Filter>Source Files</Filter>
    </ClCompile>
    <ClCompile Include="source\PVarBmp.cpp">
      <Filter>Source Files</Filter>
    </ClCompile>
    <ClCompile Include="source\PVarBtn.cpp">
      <Filter>Source Files</Filter>
    </ClCompile>
    <ClCompile Include="source\PVarBtnStd.cpp">
      <Filter>Source Files</Filter>
    </ClCompile>
    <ClCompile Include="source\pVarCam.cpp">
      <Filter>Source Files</Filter>
    </ClCompile>
    <ClCompile Include="source\PVarChoose.cpp">
      <Filter>Source Files</Filter>
    </ClCompile>
    <ClCompile Include="source\PVarCurve.cpp">
      <Filter>Source Files</Filter>
    </ClCompile>
    <ClCompile Include="source\PVarDiam.cpp">
      <Filter>Source Files</Filter>
    </ClCompile>
    <ClCompile Include="source\PVarEdit.cpp">
      <Filter>Source Files</Filter>
    </ClCompile>
    <ClCompile Include="source\pVarGraph.cpp">
      <Filter>Source Files</Filter>
    </ClCompile>
    <ClCompile Include="source\PVarLed.cpp">
      <Filter>Source Files</Filter>
    </ClCompile>
    <ClCompile Include="source\pVarListAlarm.cpp">
      <Filter>Source Files</Filter>
    </ClCompile>
    <ClCompile Include="source\PVarListBox.cpp">
      <Filter>Source Files</Filter>
    </ClCompile>
    <ClCompile Include="source\pVarListBoxAlarm.cpp">
      <Filter>Source Files</Filter>
    </ClCompile>
    <ClCompile Include="source\PVarListView.cpp">
      <Filter>Source Files</Filter>
    </ClCompile>
    <ClCompile Include="source\pVarListViewAlarm.cpp">
      <Filter>Source Files</Filter>
    </ClCompile>
    <ClCompile Include="source\pVarPlotXY.cpp">
      <Filter>Source Files</Filter>
    </ClCompile>
    <ClCompile Include="source\PVarScope.cpp">
      <Filter>Source Files</Filter>
    </ClCompile>
    <ClCompile Include="source\pVarSpin.cpp">
      <Filter>Source Files</Filter>
    </ClCompile>
    <ClCompile Include="source\pVarTableInfo.cpp">
      <Filter>Source Files</Filter>
    </ClCompile>
    <ClCompile Include="source\pVarText.cpp">
      <Filter>Source Files</Filter>
    </ClCompile>
    <ClCompile Include="source\PVarTrend.cpp">
      <Filter>Source Files</Filter>
    </ClCompile>
    <ClCompile Include="source\PVarXMeter.cpp">
      <Filter>Source Files</Filter>
    </ClCompile>
    <ClCompile Include="source\sizer.cpp">
      <Filter>Source Files</Filter>
    </ClCompile>
    <ClCompile Include="source\sv_dll.cpp">
      <Filter>Source Files</Filter>
    </ClCompile>
    <ClCompile Include="source\svDialog.cpp">
      <Filter>Source Files</Filter>
    </ClCompile>
    <ClCompile Include="source\svEdit.cpp">
      <Filter>Source Files</Filter>
    </ClCompile>
    <ClCompile Include="source\svPrinter.cpp">
      <Filter>Source Files</Filter>
    </ClCompile>
    <ClCompile Include="source\svsrapp.cpp">
      <Filter>Source Files</Filter>
    </ClCompile>
    <ClCompile Include="source\svVisualTextEdit.cpp">
      <Filter>Source Files</Filter>
    </ClCompile>
    <ClCompile Include="source\systray.cpp">
      <Filter>Source Files</Filter>
    </ClCompile>
    <ClCompile Include="source\pVarSlider.cpp">
      <Filter>Source Files</Filter>
    </ClCompile>
  </ItemGroup>
  <ItemGroup>
    <ClInclude Include="include\1.h">
      <Filter>Header Files</Filter>
    </ClInclude>
    <ClInclude Include="include\config.h">
      <Filter>Header Files</Filter>
    </ClInclude>
    <ClInclude Include="include\currAlrm.h">
      <Filter>Header Files</Filter>
    </ClInclude>
    <ClInclude Include="include\D_Alarm.h">
      <Filter>Header Files</Filter>
    </ClInclude>
    <ClInclude Include="include\D_EMPTY.h">
      <Filter>Header Files</Filter>
    </ClInclude>
    <ClInclude Include="include\d_mntnce.h">
      <Filter>Header Files</Filter>
    </ClInclude>
    <ClInclude Include="include\D_Psw.h">
      <Filter>Header Files</Filter>
    </ClInclude>
    <ClInclude Include="include\d_svdfl.h">
      <Filter>Header Files</Filter>
    </ClInclude>
    <ClInclude Include="include\D_Wait.h">
      <Filter>Header Files</Filter>
    </ClInclude>
    <ClInclude Include="include\DChoosNm.h">
      <Filter>Header Files</Filter>
    </ClInclude>
    <ClInclude Include="include\def_dir.h">
      <Filter>Header Files</Filter>
    </ClInclude>
    <ClInclude Include="include\defgPerif.h">
      <Filter>Header Files</Filter>
    </ClInclude>
    <ClInclude Include="include\DInputDt.h">
      <Filter>Header Files</Filter>
    </ClInclude>
    <ClInclude Include="include\DSerchFl.h">
      <Filter>Header Files</Filter>
    </ClInclude>
    <ClInclude Include="include\DSetTime.h">
      <Filter>Header Files</Filter>
    </ClInclude>
    <ClInclude Include="include\DTurnOvr.h">
      <Filter>Header Files</Filter>
    </ClInclude>
    <ClInclude Include="include\Footer.h">
      <Filter>Header Files</Filter>
    </ClInclude>
    <ClInclude Include="include\gestPrf.h">
      <Filter>Header Files</Filter>
    </ClInclude>
    <ClInclude Include="include\hdrmsg.h">
      <Filter>Header Files</Filter>
    </ClInclude>
    <ClInclude Include="include\Header.h">
      <Filter>Header Files</Filter>
    </ClInclude>
    <ClInclude Include="include\id_btn.h">
      <Filter>Header Files</Filter>
    </ClInclude>
    <ClInclude Include="include\imntnce.h">
      <Filter>Header Files</Filter>
    </ClInclude>
    <ClInclude Include="include\lnk_body.h">
      <Filter>Header Files</Filter>
    </ClInclude>
    <ClInclude Include="include\log_alrm.h">
      <Filter>Header Files</Filter>
    </ClInclude>
    <ClInclude Include="include\log_stat.h">
      <Filter>Header Files</Filter>
    </ClInclude>
    <ClInclude Include="include\mainApp.h">
      <Filter>Header Files</Filter>
    </ClInclude>
    <ClInclude Include="include\mainClient.h">
      <Filter>Header Files</Filter>
    </ClInclude>
    <ClInclude Include="include\mntnce.h">
      <Filter>Header Files</Filter>
    </ClInclude>
    <ClInclude Include="include\newNormal.h">
      <Filter>Header Files</Filter>
    </ClInclude>
    <ClInclude Include="include\p_base.h">
      <Filter>Header Files</Filter>
    </ClInclude>
    <ClInclude Include="include\p_BaseBody.h">
      <Filter>Header Files</Filter>
    </ClInclude>
    <ClInclude Include="include\p_BaseObj.h">
      <Filter>Header Files</Filter>
    </ClInclude>
    <ClInclude Include="include\p_Body.h">
      <Filter>Header Files</Filter>
    </ClInclude>
    <ClInclude Include="include\p_DefBody.h">
      <Filter>Header Files</Filter>
    </ClInclude>
    <ClInclude Include="include\p_ModalBody.h">
      <Filter>Header Files</Filter>
    </ClInclude>
    <ClInclude Include="include\p_name.h">
      <Filter>Header Files</Filter>
    </ClInclude>
    <ClInclude Include="include\P_Param.h">
      <Filter>Header Files</Filter>
    </ClInclude>
    <ClInclude Include="include\pAllObj.h">
      <Filter>Header Files</Filter>
    </ClInclude>
    <ClInclude Include="include\pAllObj_f_d.h">
      <Filter>Header Files</Filter>
    </ClInclude>
    <ClInclude Include="include\password.h">
      <Filter>Header Files</Filter>
    </ClInclude>
    <ClInclude Include="include\prfData.h">
      <Filter>Header Files</Filter>
    </ClInclude>
    <ClInclude Include="include\printAlarm.h">
      <Filter>Header Files</Filter>
    </ClInclude>
    <ClInclude Include="include\printDataPage.h">
      <Filter>Header Files</Filter>
    </ClInclude>
    <ClInclude Include="include\printDataVar.h">
      <Filter>Header Files</Filter>
    </ClInclude>
    <ClInclude Include="include\printGeneric.h">
      <Filter>Header Files</Filter>
    </ClInclude>
    <ClInclude Include="include\printGraph.h">
      <Filter>Header Files</Filter>
    </ClInclude>
    <ClInclude Include="include\pVarBmp.h">
      <Filter>Header Files</Filter>
    </ClInclude>
    <ClInclude Include="include\pVarBtn.h">
      <Filter>Header Files</Filter>
    </ClInclude>
    <ClInclude Include="include\pVarCam.h">
      <Filter>Header Files</Filter>
    </ClInclude>
    <ClInclude Include="include\pVarChoose.h">
      <Filter>Header Files</Filter>
    </ClInclude>
    <ClInclude Include="include\pVarCurve.h">
      <Filter>Header Files</Filter>
    </ClInclude>
    <ClInclude Include="include\PVarDiam.h">
      <Filter>Header Files</Filter>
    </ClInclude>
    <ClInclude Include="include\pVarEdit.h">
      <Filter>Header Files</Filter>
    </ClInclude>
    <ClInclude Include="include\pVarGraph.h">
      <Filter>Header Files</Filter>
    </ClInclude>
    <ClInclude Include="include\pVarLed.h">
      <Filter>Header Files</Filter>
    </ClInclude>
    <ClInclude Include="include\pVarListBox.h">
      <Filter>Header Files</Filter>
    </ClInclude>
    <ClInclude Include="include\pVarText.h">
      <Filter>Header Files</Filter>
    </ClInclude>
    <ClInclude Include="..\resource\resource.h">
      <Filter>Header Files</Filter>
    </ClInclude>
    <ClInclude Include="include\sizer.h">
      <Filter>Header Files</Filter>
    </ClInclude>
    <ClInclude Include="include\sv_dll.h">
      <Filter>Header Files</Filter>
    </ClInclude>
    <ClInclude Include="include\svDialog.h">
      <Filter>Header Files</Filter>
    </ClInclude>
    <ClInclude Include="include\svPrinter.h">
      <Filter>Header Files</Filter>
    </ClInclude>
  </ItemGroup>
  <ItemGroup>
    <None Include="ReadMe.txt" />
  </ItemGroup>
</Project>