<?xml version="1.0" encoding="utf-8"?>
<Project ToolsVersion="4.0" xmlns="http://schemas.microsoft.com/developer/msbuild/2003">
  <ItemGroup>
    <Filter Include="Source Files">
      <UniqueIdentifier>{54033758-a0ef-45f7-9258-1f9633c72865}</UniqueIdentifier>
      <Extensions>cpp;c;cxx;def;odl;idl;hpj;bat;asm</Extensions>
    </Filter>
    <Filter Include="Header Files">
      <UniqueIdentifier>{cbec03cb-de94-43eb-8e8d-698c279afab7}</UniqueIdentifier>
      <Extensions>h;hpp;hxx;hm;inl;inc</Extensions>
    </Filter>
    <Filter Include="Resource Files">
      <UniqueIdentifier>{366fb4d0-a812-408c-8c68-4a042acd1ccc}</UniqueIdentifier>
      <Extensions>rc;ico;cur;bmp;dlg;rc2;rct;bin;rgs;gif;jpg;jpeg;jpe</Extensions>
    </Filter>
  </ItemGroup>
  <ItemGroup>
    <ClCompile Include="source\sv_data.cpp">
      <Filter>Source Files</Filter>
    </ClCompile>
    <ClCompile Include="source\sv_make_dll_server.cpp">
      <Filter>Source Files</Filter>
    </ClCompile>
    <ClCompile Include="source\sv_server.cpp">
      <Filter>Source Files</Filter>
    </ClCompile>
    <ClCompile Include="source\winClientConn.cpp">
      <Filter>Source Files</Filter>
    </ClCompile>
    <ClCompile Include="source\winServerConn.cpp">
      <Filter>Source Files</Filter>
    </ClCompile>
    <ClCompile Include="..\..\..\applic\testConn\include\connClass.cpp">
      <Filter>Source Files</Filter>
    </ClCompile>
    <ClCompile Include="..\..\SVisor\svisor\source\sv_make_dll.cpp">
      <Filter>Source Files</Filter>
    </ClCompile>
  </ItemGroup>
  <ItemGroup>
    <ResourceCompile Include="resource\resource.rc">
      <Filter>Resource Files</Filter>
    </ResourceCompile>
  </ItemGroup>
</Project>