<?xml version="1.0" encoding="utf-8"?>
<Project ToolsVersion="4.0" xmlns="http://schemas.microsoft.com/developer/msbuild/2003">
  <ItemGroup>
    <Filter Include="source">
      <UniqueIdentifier>{80f7c183-5df4-4acc-aa9c-8e0798738ce5}</UniqueIdentifier>
    </Filter>
  </ItemGroup>
  <ItemGroup>
    <ClCompile Include="..\..\util\getopt.c">
      <Filter>source</Filter>
    </ClCompile>
    <ClCompile Include="..\..\util\sspwin32.cc">
      <Filter>source</Filter>
    </ClCompile>
    <ClCompile Include="..\..\util\util.c">
      <Filter>source</Filter>
    </ClCompile>
    <ClCompile Include="..\..\util\iso3307.c">
      <Filter>source</Filter>
    </ClCompile>
    <ClCompile Include="..\..\util\rfc1738.c">
      <Filter>source</Filter>
    </ClCompile>
    <ClCompile Include="SSPI\negotiate_sspi_auth.cc">
      <Filter>source</Filter>
    </ClCompile>
    <ClCompile Include="..\..\util\base64.cpp">
      <Filter>source</Filter>
    </ClCompile>
  </ItemGroup>
</Project>