<?xml version="1.0" encoding="utf-8"?>
<Project ToolsVersion="4.0" xmlns="http://schemas.microsoft.com/developer/msbuild/2003">
  <ItemGroup>
    <Filter Include="Source Files">
      <UniqueIdentifier>{e633791e-4fe1-455f-a65e-7c5fa93755e9}</UniqueIdentifier>
      <Extensions>cpp;c;cxx;def;odl;idl;hpj;bat;asm</Extensions>
    </Filter>
    <Filter Include="Header Files">
      <UniqueIdentifier>{4451d227-24f9-48b9-afe6-cc008fa087f0}</UniqueIdentifier>
      <Extensions>h;hpp;hxx;hm;inl;inc</Extensions>
    </Filter>
    <Filter Include="Resource Files">
      <UniqueIdentifier>{a98759c2-1127-4456-8ced-a7abf9436184}</UniqueIdentifier>
      <Extensions>rc;ico;cur;bmp;dlg;rc2;rct;bin;rgs;gif;jpg;jpeg;jpe</Extensions>
    </Filter>
  </ItemGroup>
  <ItemGroup>
    <ClCompile Include="Commonlgraph.cpp">
      <Filter>Source Files</Filter>
    </ClCompile>
    <ClCompile Include="D_Choose.cpp">
      <Filter>Source Files</Filter>
    </ClCompile>
    <ClCompile Include="D_ChooseDate.cpp">
      <Filter>Source Files</Filter>
    </ClCompile>
    <ClCompile Include="D_Config.cpp">
      <Filter>Source Files</Filter>
    </ClCompile>
    <ClCompile Include="dlistchoose.cpp">
      <Filter>Source Files</Filter>
    </ClCompile>
    <ClCompile Include="DListExp.cpp">
      <Filter>Source Files</Filter>
    </ClCompile>
    <ClCompile Include="DMainMen.cpp">
      <Filter>Source Files</Filter>
    </ClCompile>
    <ClCompile Include="gestdata.cpp">
      <Filter>Source Files</Filter>
    </ClCompile>
    <ClCompile Include="Header2.cpp">
      <Filter>Source Files</Filter>
    </ClCompile>
    <ClCompile Include="lgraph2-b.cpp">
      <Filter>Source Files</Filter>
    </ClCompile>
    <ClCompile Include="lgraph2-zoom.cpp">
      <Filter>Source Files</Filter>
    </ClCompile>
    <ClCompile Include="LimitsDlg.cpp">
      <Filter>Source Files</Filter>
    </ClCompile>
    <ClCompile Include="lnk_body.cpp">
      <Filter>Source Files</Filter>
    </ClCompile>
    <ClCompile Include="log_oper.cpp">
      <Filter>Source Files</Filter>
    </ClCompile>
    <ClCompile Include="log_ord.cpp">
      <Filter>Source Files</Filter>
    </ClCompile>
    <ClCompile Include="mainApp.cpp">
      <Filter>Source Files</Filter>
    </ClCompile>
    <ClCompile Include="manageMemBase.cpp">
      <Filter>Source Files</Filter>
    </ClCompile>
    <ClCompile Include="memPerif.cpp">
      <Filter>Source Files</Filter>
    </ClCompile>
    <ClCompile Include="P_BarProgr.cpp">
      <Filter>Source Files</Filter>
    </ClCompile>
    <ClCompile Include="perif.cpp">
      <Filter>Source Files</Filter>
    </ClCompile>
    <ClCompile Include="printAlarm.cpp">
      <Filter>Source Files</Filter>
    </ClCompile>
    <ClCompile Include="printDataPage.cpp">
      <Filter>Source Files</Filter>
    </ClCompile>
    <ClCompile Include="printDataVar.cpp">
      <Filter>Source Files</Filter>
    </ClCompile>
    <ClCompile Include="printGraph.cpp">
      <Filter>Source Files</Filter>
    </ClCompile>
    <ClCompile Include="printImage.cpp">
      <Filter>Source Files</Filter>
    </ClCompile>
    <ClCompile Include="printScreen.cpp">
      <Filter>Source Files</Filter>
    </ClCompile>
    <ClCompile Include="recipe.cpp">
      <Filter>Source Files</Filter>
    </ClCompile>
    <ClCompile Include="recipe_row.cpp">
      <Filter>Source Files</Filter>
    </ClCompile>
    <ClCompile Include="recipeDan.cpp">
      <Filter>Source Files</Filter>
    </ClCompile>
    <ClCompile Include="saveData.cpp">
      <Filter>Source Files</Filter>
    </ClCompile>
  </ItemGroup>
  <ItemGroup>
    <None Include="ReadMe.txt" />
  </ItemGroup>
</Project>