<?xml version="1.0" encoding="utf-8"?>
<Project ToolsVersion="4.0" xmlns="http://schemas.microsoft.com/developer/msbuild/2003">
  <ItemGroup>
    <Filter Include="Source Files">
      <UniqueIdentifier>{318fe2a5-042e-44bf-b7ca-d7a386db88d5}</UniqueIdentifier>
      <Extensions>cpp;c;cxx;def;odl;idl;hpj;bat;asm</Extensions>
    </Filter>
    <Filter Include="Header Files">
      <UniqueIdentifier>{495b8015-e713-4c94-a5d9-ea4a5ad8c75c}</UniqueIdentifier>
      <Extensions>h;hpp;hxx;hm;inl;inc</Extensions>
    </Filter>
    <Filter Include="Resource Files">
      <UniqueIdentifier>{ec6c02c1-9256-4b85-9d33-008115e1549f}</UniqueIdentifier>
      <Extensions>rc;ico;cur;bmp;dlg;rc2;rct;bin;rgs;gif;jpg;jpeg;jpe</Extensions>
    </Filter>
  </ItemGroup>
  <ItemGroup>
    <ClCompile Include="source\base64.cpp">
      <Filter>Source Files</Filter>
    </ClCompile>
    <ClCompile Include="source\file_lck.cpp">
      <Filter>Source Files</Filter>
    </ClCompile>
    <ClCompile Include="source\P_AVL.CPP">
      <Filter>Source Files</Filter>
    </ClCompile>
    <ClCompile Include="source\P_Bits.cpp">
      <Filter>Source Files</Filter>
    </ClCompile>
    <ClCompile Include="source\p_checkKey.cpp">
      <Filter>Source Files</Filter>
    </ClCompile>
    <ClCompile Include="source\p_date.cpp">
      <Filter>Source Files</Filter>
    </ClCompile>
    <ClCompile Include="source\P_exit.cpp">
      <Filter>Source Files</Filter>
    </ClCompile>
    <ClCompile Include="source\p_file.cpp">
      <Filter>Source Files</Filter>
    </ClCompile>
    <ClCompile Include="source\p_freeList.cpp">
      <Filter>Source Files</Filter>
    </ClCompile>
    <ClCompile Include="source\P_LIST.CPP">
      <Filter>Source Files</Filter>
    </ClCompile>
    <ClCompile Include="source\p_logFile.cpp">
      <Filter>Source Files</Filter>
    </ClCompile>
    <ClCompile Include="source\p_mappedFile.cpp">
      <Filter>Source Files</Filter>
    </ClCompile>
    <ClCompile Include="source\p_migl.cpp">
      <Filter>Source Files</Filter>
    </ClCompile>
    <ClCompile Include="source\p_param_v.cpp">
      <Filter>Source Files</Filter>
    </ClCompile>
    <ClCompile Include="source\P_queue.cpp">
      <Filter>Source Files</Filter>
    </ClCompile>
    <ClCompile Include="source\p_simpleXmlParser.cpp">
      <Filter>Source Files</Filter>
    </ClCompile>
    <ClCompile Include="source\p_strdup.cpp">
      <Filter>Source Files</Filter>
    </ClCompile>
    <ClCompile Include="source\P_TREE.CPP">
      <Filter>Source Files</Filter>
    </ClCompile>
    <ClCompile Include="source\p_txt.cpp">
      <Filter>Source Files</Filter>
    </ClCompile>
    <ClCompile Include="source\p_txt_crypted.cpp">
      <Filter>Source Files</Filter>
    </ClCompile>
    <ClCompile Include="source\p_vect.cpp">
      <Filter>Source Files</Filter>
    </ClCompile>
    <ClCompile Include="source\PShowHideTaskBar.cpp">
      <Filter>Source Files</Filter>
    </ClCompile>
    <ClCompile Include="source\simple_helper.cpp">
      <Filter>Source Files</Filter>
    </ClCompile>
    <ClCompile Include="source\p_crypt.cpp">
      <Filter>Source Files</Filter>
    </ClCompile>
    <ClCompile Include="source\file_simpleLck.cpp">
      <Filter>Source Files</Filter>
    </ClCompile>
    <ClCompile Include="source\p_manage_ini.cpp">
      <Filter>Source Files</Filter>
    </ClCompile>
    <ClCompile Include="source\p_mutex_file.cpp">
      <Filter>Source Files</Filter>
    </ClCompile>
    <ClCompile Include="source\p_miniRSA.cpp">
      <Filter>Source Files</Filter>
    </ClCompile>
    <ClCompile Include="source\p_RSA.cpp">
      <Filter>Source Files</Filter>
    </ClCompile>
  </ItemGroup>
  <ItemGroup>
    <ClInclude Include="include\defin.h">
      <Filter>Header Files</Filter>
    </ClInclude>
    <ClInclude Include="include\file_lck.h">
      <Filter>Header Files</Filter>
    </ClInclude>
    <ClInclude Include="include\P_AVL.H">
      <Filter>Header Files</Filter>
    </ClInclude>
    <ClInclude Include="include\P_Bits.h">
      <Filter>Header Files</Filter>
    </ClInclude>
    <ClInclude Include="include\p_date.h">
      <Filter>Header Files</Filter>
    </ClInclude>
    <ClInclude Include="include\P_EXIT.H">
      <Filter>Header Files</Filter>
    </ClInclude>
    <ClInclude Include="include\p_file.h">
      <Filter>Header Files</Filter>
    </ClInclude>
    <ClInclude Include="include\P_HEAP.H">
      <Filter>Header Files</Filter>
    </ClInclude>
    <ClInclude Include="include\P_HEAP.HPP">
      <Filter>Header Files</Filter>
    </ClInclude>
    <ClInclude Include="include\P_LIST.H">
      <Filter>Header Files</Filter>
    </ClInclude>
    <ClInclude Include="include\p_migl.h">
      <Filter>Header Files</Filter>
    </ClInclude>
    <ClInclude Include="include\P_queue.h">
      <Filter>Header Files</Filter>
    </ClInclude>
    <ClInclude Include="include\P_tqueue.h">
      <Filter>Header Files</Filter>
    </ClInclude>
    <ClInclude Include="include\P_tqueue.hpp">
      <Filter>Header Files</Filter>
    </ClInclude>
    <ClInclude Include="include\P_TREE.H">
      <Filter>Header Files</Filter>
    </ClInclude>
    <ClInclude Include="include\p_txt.h">
      <Filter>Header Files</Filter>
    </ClInclude>
    <ClInclude Include="include\p_util.h">
      <Filter>Header Files</Filter>
    </ClInclude>
    <ClInclude Include="include\p_vect.h">
      <Filter>Header Files</Filter>
    </ClInclude>
    <ClInclude Include="include\p_vect.hpp">
      <Filter>Header Files</Filter>
    </ClInclude>
    <ClInclude Include="include\PCrt_lck.h">
      <Filter>Header Files</Filter>
    </ClInclude>
    <ClInclude Include="include\simple_helper.h">
      <Filter>Header Files</Filter>
    </ClInclude>
  </ItemGroup>
  <ItemGroup>
    <None Include="ReadMe.txt" />
  </ItemGroup>
</Project>