<?xml version="1.0" encoding="utf-8"?>
<Project ToolsVersion="4.0" xmlns="http://schemas.microsoft.com/developer/msbuild/2003">
  <ItemGroup>
    <Filter Include="Source Files">
      <UniqueIdentifier>{4FC737F1-C7A5-4376-A066-2A32D752A2FF}</UniqueIdentifier>
      <Extensions>cpp;c;cxx;def;odl;idl;hpj;bat;asm;asmx</Extensions>
    </Filter>
    <Filter Include="Header Files">
      <UniqueIdentifier>{93995380-89BD-4b04-88EB-625FBE52EBFB}</UniqueIdentifier>
      <Extensions>h;hpp;hxx;hm;inl;inc;xsd</Extensions>
    </Filter>
    <Filter Include="Resource Files">
      <UniqueIdentifier>{67DA6AB6-F800-4c08-8B7A-83BB121AAD01}</UniqueIdentifier>
      <Extensions>rc;ico;cur;bmp;dlg;rc2;rct;bin;rgs;gif;jpg;jpeg;jpe;resx</Extensions>
    </Filter>
  </ItemGroup>
  <ItemGroup>
    <ClCompile Include="source_test\config.cpp">
      <Filter>Source Files</Filter>
    </ClCompile>
    <ClCompile Include="source_test\def_mainapp.cpp">
      <Filter>Source Files</Filter>
    </ClCompile>
    <ClCompile Include="source_test\exp_BaseContainer.cpp">
      <Filter>Source Files</Filter>
    </ClCompile>
    <ClCompile Include="source_test\exp_BaseEdit.cpp">
      <Filter>Source Files</Filter>
    </ClCompile>
    <ClCompile Include="source\P_Express.cpp">
      <Filter>Source Files</Filter>
    </ClCompile>
    <ClCompile Include="source\P_Operation.cpp">
      <Filter>Source Files</Filter>
    </ClCompile>
    <ClCompile Include="source\replaceVarName.cpp">
      <Filter>Source Files</Filter>
    </ClCompile>
    <ClCompile Include="source\sv_manage_express.cpp">
      <Filter>Source Files</Filter>
    </ClCompile>
    <ClCompile Include="source\sv_manage_skip.cpp">
      <Filter>Source Files</Filter>
    </ClCompile>
    <ClCompile Include="source_test\test_Expr.cpp">
      <Filter>Source Files</Filter>
    </ClCompile>
    <ClCompile Include="source_test\testManVars.cpp">
      <Filter>Source Files</Filter>
    </ClCompile>
  </ItemGroup>
  <ItemGroup>
    <ClInclude Include="resource\pAppl_ver.h">
      <Filter>Header Files</Filter>
    </ClInclude>
    <ClInclude Include="resource\resource.h">
      <Filter>Header Files</Filter>
    </ClInclude>
  </ItemGroup>
  <ItemGroup>
    <None Include="resource\advancedsettings.bmp">
      <Filter>Resource Files</Filter>
    </None>
    <None Include="resource\Canc.BMP">
      <Filter>Resource Files</Filter>
    </None>
    <None Include="resource\done.BMP">
      <Filter>Resource Files</Filter>
    </None>
    <None Include="resource\edit_find_replace.bmp">
      <Filter>Resource Files</Filter>
    </None>
    <None Include="resource\folder.bmp">
      <Filter>Resource Files</Filter>
    </None>
    <None Include="resource\Net-Gu%40rdiaN.ico">
      <Filter>Resource Files</Filter>
    </None>
    <None Include="resource\ok.BMP">
      <Filter>Resource Files</Filter>
    </None>
    <None Include="resource\Save.bmp">
      <Filter>Resource Files</Filter>
    </None>
    <None Include="resource\siei.ICO">
      <Filter>Resource Files</Filter>
    </None>
    <None Include="resource\view.bmp">
      <Filter>Resource Files</Filter>
    </None>
  </ItemGroup>
  <ItemGroup>
    <ResourceCompile Include="resource\pAppl.rc">
      <Filter>Resource Files</Filter>
    </ResourceCompile>
    <ResourceCompile Include="resource\pAppl_ver.rc">
      <Filter>Resource Files</Filter>
    </ResourceCompile>
  </ItemGroup>
</Project>